// !$*UTF8*$!
{
	archiveVersion = 1;
	classes = {
	};
	objectVersion = 46;
	objects = {

/* Begin PBXBuildFile section */
		040F1BC21D59F2D700A95E92 /* ActionMenu.swift in Sources */ = {isa = PBXBuildFile; fileRef = 040F1BC11D59F2D700A95E92 /* ActionMenu.swift */; };
		0428DE511D585F67003E5409 /* Authorized.swift in Sources */ = {isa = PBXBuildFile; fileRef = 0428DE501D585F67003E5409 /* Authorized.swift */; };
		0428DE531D586032003E5409 /* Bundles.swift in Sources */ = {isa = PBXBuildFile; fileRef = 0428DE521D586032003E5409 /* Bundles.swift */; };
		04528B761D55D6F90092E809 /* UIColor+colorFromHex.swift in Sources */ = {isa = PBXBuildFile; fileRef = 04528B751D55D6F90092E809 /* UIColor+colorFromHex.swift */; };
		04627F211D531E7400B9EBC8 /* AppDelegate.swift in Sources */ = {isa = PBXBuildFile; fileRef = 04627F201D531E7400B9EBC8 /* AppDelegate.swift */; };
		04627F281D531E7400B9EBC8 /* Main.storyboard in Resources */ = {isa = PBXBuildFile; fileRef = 04627F261D531E7400B9EBC8 /* Main.storyboard */; };
		04627F2A1D531E7400B9EBC8 /* Assets.xcassets in Resources */ = {isa = PBXBuildFile; fileRef = 04627F291D531E7400B9EBC8 /* Assets.xcassets */; };
		04627F2D1D531E7400B9EBC8 /* LaunchScreen.storyboard in Resources */ = {isa = PBXBuildFile; fileRef = 04627F2B1D531E7400B9EBC8 /* LaunchScreen.storyboard */; };
		04627F911D5325D300B9EBC8 /* Dashboard.swift in Sources */ = {isa = PBXBuildFile; fileRef = 04627F8D1D5325D300B9EBC8 /* Dashboard.swift */; };
		04627F921D5325D300B9EBC8 /* PointerView.swift in Sources */ = {isa = PBXBuildFile; fileRef = 04627F901D5325D300B9EBC8 /* PointerView.swift */; };
		04627F951D53272700B9EBC8 /* Device.swift in Sources */ = {isa = PBXBuildFile; fileRef = 04627F941D53272700B9EBC8 /* Device.swift */; };
		04627F971D53274900B9EBC8 /* Network.swift in Sources */ = {isa = PBXBuildFile; fileRef = 04627F961D53274900B9EBC8 /* Network.swift */; };
		04627F991D532F5C00B9EBC8 /* CarouselView.swift in Sources */ = {isa = PBXBuildFile; fileRef = 04627F981D532F5C00B9EBC8 /* CarouselView.swift */; };
		E174405C1DAFDF0E005B78CE /* ScrollableGraphView.swift in Sources */ = {isa = PBXBuildFile; fileRef = E174405B1DAFDF0E005B78CE /* ScrollableGraphView.swift */; };
		E174405E1DAFE1AF005B78CE /* Apple_System_Info.framework in Frameworks */ = {isa = PBXBuildFile; fileRef = E174405D1DAFE1AF005B78CE /* Apple_System_Info.framework */; };
		E174405F1DAFE1AF005B78CE /* Apple_System_Info.framework in Embed Frameworks */ = {isa = PBXBuildFile; fileRef = E174405D1DAFE1AF005B78CE /* Apple_System_Info.framework */; settings = {ATTRIBUTES = (CodeSignOnCopy, RemoveHeadersOnCopy, ); }; };
/* End PBXBuildFile section */

/* Begin PBXCopyFilesBuildPhase section */
		E17440601DAFE1AF005B78CE /* Embed Frameworks */ = {
			isa = PBXCopyFilesBuildPhase;
			buildActionMask = 2147483647;
			dstPath = "";
			dstSubfolderSpec = 10;
			files = (
				E174405F1DAFE1AF005B78CE /* Apple_System_Info.framework in Embed Frameworks */,
			);
			name = "Embed Frameworks";
			runOnlyForDeploymentPostprocessing = 0;
		};
/* End PBXCopyFilesBuildPhase section */

/* Begin PBXFileReference section */
		040F1BC11D59F2D700A95E92 /* ActionMenu.swift */ = {isa = PBXFileReference; fileEncoding = 4; lastKnownFileType = sourcecode.swift; path = ActionMenu.swift; sourceTree = "<group>"; };
		0428DE501D585F67003E5409 /* Authorized.swift */ = {isa = PBXFileReference; fileEncoding = 4; lastKnownFileType = sourcecode.swift; path = Authorized.swift; sourceTree = "<group>"; };
		0428DE521D586032003E5409 /* Bundles.swift */ = {isa = PBXFileReference; fileEncoding = 4; lastKnownFileType = sourcecode.swift; path = Bundles.swift; sourceTree = "<group>"; };
		04528B751D55D6F90092E809 /* UIColor+colorFromHex.swift */ = {isa = PBXFileReference; fileEncoding = 4; lastKnownFileType = sourcecode.swift; path = "UIColor+colorFromHex.swift"; sourceTree = "<group>"; };
		04627F1D1D531E7400B9EBC8 /* iOS-Example.app */ = {isa = PBXFileReference; explicitFileType = wrapper.application; includeInIndex = 0; path = "iOS-Example.app"; sourceTree = BUILT_PRODUCTS_DIR; };
		04627F201D531E7400B9EBC8 /* AppDelegate.swift */ = {isa = PBXFileReference; lastKnownFileType = sourcecode.swift; path = AppDelegate.swift; sourceTree = "<group>"; };
		04627F271D531E7400B9EBC8 /* Base */ = {isa = PBXFileReference; lastKnownFileType = file.storyboard; name = Base; path = Base.lproj/Main.storyboard; sourceTree = "<group>"; };
		04627F291D531E7400B9EBC8 /* Assets.xcassets */ = {isa = PBXFileReference; lastKnownFileType = folder.assetcatalog; path = Assets.xcassets; sourceTree = "<group>"; };
		04627F2C1D531E7400B9EBC8 /* Base */ = {isa = PBXFileReference; lastKnownFileType = file.storyboard; name = Base; path = Base.lproj/LaunchScreen.storyboard; sourceTree = "<group>"; };
		04627F2E1D531E7400B9EBC8 /* Info.plist */ = {isa = PBXFileReference; lastKnownFileType = text.plist.xml; path = Info.plist; sourceTree = "<group>"; };
		04627F8D1D5325D300B9EBC8 /* Dashboard.swift */ = {isa = PBXFileReference; fileEncoding = 4; lastKnownFileType = sourcecode.swift; path = Dashboard.swift; sourceTree = "<group>"; };
		04627F901D5325D300B9EBC8 /* PointerView.swift */ = {isa = PBXFileReference; fileEncoding = 4; lastKnownFileType = sourcecode.swift; path = PointerView.swift; sourceTree = "<group>"; };
		04627F941D53272700B9EBC8 /* Device.swift */ = {isa = PBXFileReference; fileEncoding = 4; lastKnownFileType = sourcecode.swift; name = Device.swift; path = "iOS-Example/Device.swift"; sourceTree = SOURCE_ROOT; };
		04627F961D53274900B9EBC8 /* Network.swift */ = {isa = PBXFileReference; fileEncoding = 4; lastKnownFileType = sourcecode.swift; path = Network.swift; sourceTree = "<group>"; };
		04627F981D532F5C00B9EBC8 /* CarouselView.swift */ = {isa = PBXFileReference; fileEncoding = 4; lastKnownFileType = sourcecode.swift; path = CarouselView.swift; sourceTree = "<group>"; };
		E174405B1DAFDF0E005B78CE /* ScrollableGraphView.swift */ = {isa = PBXFileReference; fileEncoding = 4; lastKnownFileType = sourcecode.swift; path = ScrollableGraphView.swift; sourceTree = "<group>"; };
		E174405D1DAFE1AF005B78CE /* Apple_System_Info.framework */ = {isa = PBXFileReference; explicitFileType = wrapper.framework; path = Apple_System_Info.framework; sourceTree = BUILT_PRODUCTS_DIR; };
/* End PBXFileReference section */

/* Begin PBXFrameworksBuildPhase section */
		04627F1A1D531E7400B9EBC8 /* Frameworks */ = {
			isa = PBXFrameworksBuildPhase;
			buildActionMask = 2147483647;
			files = (
				E174405E1DAFE1AF005B78CE /* Apple_System_Info.framework in Frameworks */,
			);
			runOnlyForDeploymentPostprocessing = 0;
		};
/* End PBXFrameworksBuildPhase section */

/* Begin PBXGroup section */
		04627F141D531E7400B9EBC8 = {
			isa = PBXGroup;
			children = (
				E174405D1DAFE1AF005B78CE /* Apple_System_Info.framework */,
				04627F1F1D531E7400B9EBC8 /* iOS-Example */,
				04627F1E1D531E7400B9EBC8 /* Products */,
			);
			sourceTree = "<group>";
		};
		04627F1E1D531E7400B9EBC8 /* Products */ = {
			isa = PBXGroup;
			children = (
				04627F1D1D531E7400B9EBC8 /* iOS-Example.app */,
			);
			name = Products;
			sourceTree = "<group>";
		};
		04627F1F1D531E7400B9EBC8 /* iOS-Example */ = {
			isa = PBXGroup;
			children = (
				0428DE501D585F67003E5409 /* Authorized.swift */,
				0428DE521D586032003E5409 /* Bundles.swift */,
				04627F941D53272700B9EBC8 /* Device.swift */,
				04627F961D53274900B9EBC8 /* Network.swift */,
				04627F931D5326FC00B9EBC8 /* Controllers */,
				04627F8C1D5325D300B9EBC8 /* Vendor */,
				04627F201D531E7400B9EBC8 /* AppDelegate.swift */,
				04627F261D531E7400B9EBC8 /* Main.storyboard */,
				04627F291D531E7400B9EBC8 /* Assets.xcassets */,
				04627F2B1D531E7400B9EBC8 /* LaunchScreen.storyboard */,
				04627F2E1D531E7400B9EBC8 /* Info.plist */,
			);
			path = "iOS-Example";
			sourceTree = "<group>";
		};
		04627F8C1D5325D300B9EBC8 /* Vendor */ = {
			isa = PBXGroup;
			children = (
				E174405B1DAFDF0E005B78CE /* ScrollableGraphView.swift */,
				040F1BC11D59F2D700A95E92 /* ActionMenu.swift */,
				04528B751D55D6F90092E809 /* UIColor+colorFromHex.swift */,
				04627F981D532F5C00B9EBC8 /* CarouselView.swift */,
				04627F8D1D5325D300B9EBC8 /* Dashboard.swift */,
				04627F8E1D5325D300B9EBC8 /* PNBarChart */,
				04627F8F1D5325D300B9EBC8 /* PNLineChart */,
				04627F901D5325D300B9EBC8 /* PointerView.swift */,
			);
			path = Vendor;
			sourceTree = "<group>";
		};
		04627F8E1D5325D300B9EBC8 /* PNBarChart */ = {
			isa = PBXGroup;
			children = (
			);
			path = PNBarChart;
			sourceTree = "<group>";
		};
		04627F8F1D5325D300B9EBC8 /* PNLineChart */ = {
			isa = PBXGroup;
			children = (
			);
			path = PNLineChart;
			sourceTree = "<group>";
		};
		04627F931D5326FC00B9EBC8 /* Controllers */ = {
			isa = PBXGroup;
			children = (
			);
			path = Controllers;
			sourceTree = "<group>";
		};
/* End PBXGroup section */

/* Begin PBXNativeTarget section */
		04627F1C1D531E7400B9EBC8 /* iOS-Example */ = {
			isa = PBXNativeTarget;
			buildConfigurationList = 04627F471D531E7400B9EBC8 /* Build configuration list for PBXNativeTarget "iOS-Example" */;
			buildPhases = (
				04627F191D531E7400B9EBC8 /* Sources */,
				04627F1A1D531E7400B9EBC8 /* Frameworks */,
				04627F1B1D531E7400B9EBC8 /* Resources */,
				E17440601DAFE1AF005B78CE /* Embed Frameworks */,
			);
			buildRules = (
			);
			dependencies = (
			);
			name = "iOS-Example";
			productName = "iOS-Example";
			productReference = 04627F1D1D531E7400B9EBC8 /* iOS-Example.app */;
			productType = "com.apple.product-type.application";
		};
/* End PBXNativeTarget section */

/* Begin PBXProject section */
		04627F151D531E7400B9EBC8 /* Project object */ = {
			isa = PBXProject;
			attributes = {
				LastSwiftUpdateCheck = 0730;
				LastUpgradeCheck = 0730;
				ORGANIZATIONNAME = vk;
				TargetAttributes = {
					04627F1C1D531E7400B9EBC8 = {
						CreatedOnToolsVersion = 7.3.1;
						DevelopmentTeam = A7MD3F59BU;
						LastSwiftMigration = 0800;
					};
				};
			};
			buildConfigurationList = 04627F181D531E7400B9EBC8 /* Build configuration list for PBXProject "iOS-Example" */;
			compatibilityVersion = "Xcode 3.2";
			developmentRegion = English;
			hasScannedForEncodings = 0;
			knownRegions = (
				en,
				Base,
			);
			mainGroup = 04627F141D531E7400B9EBC8;
			productRefGroup = 04627F1E1D531E7400B9EBC8 /* Products */;
			projectDirPath = "";
			projectRoot = "";
			targets = (
				04627F1C1D531E7400B9EBC8 /* iOS-Example */,
			);
		};
/* End PBXProject section */

/* Begin PBXResourcesBuildPhase section */
		04627F1B1D531E7400B9EBC8 /* Resources */ = {
			isa = PBXResourcesBuildPhase;
			buildActionMask = 2147483647;
			files = (
				04627F2D1D531E7400B9EBC8 /* LaunchScreen.storyboard in Resources */,
				04627F2A1D531E7400B9EBC8 /* Assets.xcassets in Resources */,
				04627F281D531E7400B9EBC8 /* Main.storyboard in Resources */,
			);
			runOnlyForDeploymentPostprocessing = 0;
		};
/* End PBXResourcesBuildPhase section */

/* Begin PBXSourcesBuildPhase section */
		04627F191D531E7400B9EBC8 /* Sources */ = {
			isa = PBXSourcesBuildPhase;
			buildActionMask = 2147483647;
			files = (
				E174405C1DAFDF0E005B78CE /* ScrollableGraphView.swift in Sources */,
				04627F971D53274900B9EBC8 /* Network.swift in Sources */,
				04627F911D5325D300B9EBC8 /* Dashboard.swift in Sources */,
				04627F921D5325D300B9EBC8 /* PointerView.swift in Sources */,
				04627F211D531E7400B9EBC8 /* AppDelegate.swift in Sources */,
				04528B761D55D6F90092E809 /* UIColor+colorFromHex.swift in Sources */,
				040F1BC21D59F2D700A95E92 /* ActionMenu.swift in Sources */,
				04627F991D532F5C00B9EBC8 /* CarouselView.swift in Sources */,
				0428DE511D585F67003E5409 /* Authorized.swift in Sources */,
				04627F951D53272700B9EBC8 /* Device.swift in Sources */,
				0428DE531D586032003E5409 /* Bundles.swift in Sources */,
			);
			runOnlyForDeploymentPostprocessing = 0;
		};
/* End PBXSourcesBuildPhase section */

/* Begin PBXVariantGroup section */
		04627F261D531E7400B9EBC8 /* Main.storyboard */ = {
			isa = PBXVariantGroup;
			children = (
				04627F271D531E7400B9EBC8 /* Base */,
			);
			name = Main.storyboard;
			sourceTree = "<group>";
		};
		04627F2B1D531E7400B9EBC8 /* LaunchScreen.storyboard */ = {
			isa = PBXVariantGroup;
			children = (
				04627F2C1D531E7400B9EBC8 /* Base */,
			);
			name = LaunchScreen.storyboard;
			sourceTree = "<group>";
		};
/* End PBXVariantGroup section */

/* Begin XCBuildConfiguration section */
		04627F451D531E7400B9EBC8 /* Debug */ = {
			isa = XCBuildConfiguration;
			buildSettings = {
				ALWAYS_SEARCH_USER_PATHS = NO;
				CLANG_ANALYZER_NONNULL = YES;
				CLANG_CXX_LANGUAGE_STANDARD = "gnu++0x";
				CLANG_CXX_LIBRARY = "libc++";
				CLANG_ENABLE_MODULES = YES;
				CLANG_ENABLE_OBJC_ARC = YES;
				CLANG_WARN_BOOL_CONVERSION = YES;
				CLANG_WARN_CONSTANT_CONVERSION = YES;
				CLANG_WARN_DIRECT_OBJC_ISA_USAGE = YES_ERROR;
				CLANG_WARN_EMPTY_BODY = YES;
				CLANG_WARN_ENUM_CONVERSION = YES;
				CLANG_WARN_INT_CONVERSION = YES;
				CLANG_WARN_OBJC_ROOT_CLASS = YES_ERROR;
				CLANG_WARN_UNREACHABLE_CODE = YES;
				CLANG_WARN__DUPLICATE_METHOD_MATCH = YES;
				"CODE_SIGN_IDENTITY[sdk=iphoneos*]" = "iPhone Developer";
				COPY_PHASE_STRIP = NO;
				DEBUG_INFORMATION_FORMAT = dwarf;
				ENABLE_STRICT_OBJC_MSGSEND = YES;
				ENABLE_TESTABILITY = YES;
				GCC_C_LANGUAGE_STANDARD = gnu99;
				GCC_DYNAMIC_NO_PIC = NO;
				GCC_NO_COMMON_BLOCKS = YES;
				GCC_OPTIMIZATION_LEVEL = 0;
				GCC_PREPROCESSOR_DEFINITIONS = (
					"DEBUG=1",
					"$(inherited)",
				);
				GCC_WARN_64_TO_32_BIT_CONVERSION = YES;
				GCC_WARN_ABOUT_RETURN_TYPE = YES_ERROR;
				GCC_WARN_UNDECLARED_SELECTOR = YES;
				GCC_WARN_UNINITIALIZED_AUTOS = YES_AGGRESSIVE;
				GCC_WARN_UNUSED_FUNCTION = YES;
				GCC_WARN_UNUSED_VARIABLE = YES;
				IPHONEOS_DEPLOYMENT_TARGET = 9.3;
				MTL_ENABLE_DEBUG_INFO = YES;
				ONLY_ACTIVE_ARCH = YES;
				SDKROOT = iphoneos;
				SWIFT_OPTIMIZATION_LEVEL = "-Onone";
				TARGETED_DEVICE_FAMILY = "1,2";
			};
			name = Debug;
		};
		04627F461D531E7400B9EBC8 /* Release */ = {
			isa = XCBuildConfiguration;
			buildSettings = {
				ALWAYS_SEARCH_USER_PATHS = NO;
				CLANG_ANALYZER_NONNULL = YES;
				CLANG_CXX_LANGUAGE_STANDARD = "gnu++0x";
				CLANG_CXX_LIBRARY = "libc++";
				CLANG_ENABLE_MODULES = YES;
				CLANG_ENABLE_OBJC_ARC = YES;
				CLANG_WARN_BOOL_CONVERSION = YES;
				CLANG_WARN_CONSTANT_CONVERSION = YES;
				CLANG_WARN_DIRECT_OBJC_ISA_USAGE = YES_ERROR;
				CLANG_WARN_EMPTY_BODY = YES;
				CLANG_WARN_ENUM_CONVERSION = YES;
				CLANG_WARN_INT_CONVERSION = YES;
				CLANG_WARN_OBJC_ROOT_CLASS = YES_ERROR;
				CLANG_WARN_UNREACHABLE_CODE = YES;
				CLANG_WARN__DUPLICATE_METHOD_MATCH = YES;
				"CODE_SIGN_IDENTITY[sdk=iphoneos*]" = "iPhone Developer";
				COPY_PHASE_STRIP = NO;
				DEBUG_INFORMATION_FORMAT = "dwarf-with-dsym";
				ENABLE_NS_ASSERTIONS = NO;
				ENABLE_STRICT_OBJC_MSGSEND = YES;
				GCC_C_LANGUAGE_STANDARD = gnu99;
				GCC_NO_COMMON_BLOCKS = YES;
				GCC_WARN_64_TO_32_BIT_CONVERSION = YES;
				GCC_WARN_ABOUT_RETURN_TYPE = YES_ERROR;
				GCC_WARN_UNDECLARED_SELECTOR = YES;
				GCC_WARN_UNINITIALIZED_AUTOS = YES_AGGRESSIVE;
				GCC_WARN_UNUSED_FUNCTION = YES;
				GCC_WARN_UNUSED_VARIABLE = YES;
				IPHONEOS_DEPLOYMENT_TARGET = 9.3;
				MTL_ENABLE_DEBUG_INFO = NO;
				SDKROOT = iphoneos;
				TARGETED_DEVICE_FAMILY = "1,2";
				VALIDATE_PRODUCT = YES;
			};
			name = Release;
		};
		04627F481D531E7400B9EBC8 /* Debug */ = {
			isa = XCBuildConfiguration;
			buildSettings = {
				ASSETCATALOG_COMPILER_APPICON_NAME = AppIcon;
				CODE_SIGN_IDENTITY = "iPhone Developer";
				"CODE_SIGN_IDENTITY[sdk=iphoneos*]" = "iPhone Developer";
				DEVELOPMENT_TEAM = A7MD3F59BU;
				INFOPLIST_FILE = "iOS-Example/Info.plist";
				IPHONEOS_DEPLOYMENT_TARGET = 9.0;
				LD_RUNPATH_SEARCH_PATHS = "$(inherited) @executable_path/Frameworks";
				PRODUCT_BUNDLE_IDENTIFIER = "reform.Apple-System-Info.iOS-Example";
				PRODUCT_NAME = "$(TARGET_NAME)";
				PROVISIONING_PROFILE = "";
				SWIFT_VERSION = 3.0;
			};
			name = Debug;
		};
		04627F491D531E7400B9EBC8 /* Release */ = {
			isa = XCBuildConfiguration;
			buildSettings = {
				ASSETCATALOG_COMPILER_APPICON_NAME = AppIcon;
				CODE_SIGN_IDENTITY = "iPhone Developer";
				"CODE_SIGN_IDENTITY[sdk=iphoneos*]" = "iPhone Developer";
				DEVELOPMENT_TEAM = A7MD3F59BU;
				INFOPLIST_FILE = "iOS-Example/Info.plist";
				IPHONEOS_DEPLOYMENT_TARGET = 9.0;
				LD_RUNPATH_SEARCH_PATHS = "$(inherited) @executable_path/Frameworks";
				PRODUCT_BUNDLE_IDENTIFIER = "reform.Apple-System-Info.iOS-Example";
				PRODUCT_NAME = "$(TARGET_NAME)";
				PROVISIONING_PROFILE = "";
				SWIFT_VERSION = 3.0;
			};
			name = Release;
		};
/* End XCBuildConfiguration section */

/* Begin XCConfigurationList section */
		04627F181D531E7400B9EBC8 /* Build configuration list for PBXProject "iOS-Example" */ = {
			isa = XCConfigurationList;
			buildConfigurations = (
				04627F451D531E7400B9EBC8 /* Debug */,
				04627F461D531E7400B9EBC8 /* Release */,
			);
			defaultConfigurationIsVisible = 0;
			defaultConfigurationName = Release;
		};
		04627F471D531E7400B9EBC8 /* Build configuration list for PBXNativeTarget "iOS-Example" */ = {
			isa = XCConfigurationList;
			buildConfigurations = (
				04627F481D531E7400B9EBC8 /* Debug */,
				04627F491D531E7400B9EBC8 /* Release */,
			);
			defaultConfigurationIsVisible = 0;
			defaultConfigurationName = Release;
		};
/* End XCConfigurationList section */
	};
	rootObject = 04627F151D531E7400B9EBC8 /* Project object */;
}
